
Microsoft Visual Studio Solution File, Format Version 12.00
# Visual Studio Version 17
VisualStudioVersion = 17.14.36408.4
MinimumVisualStudioVersion = 10.0.40219.1
Project("{FAE04EC0-301F-11D3-BF4B-00C04F79EFBC}") = "MillionAPI", "MillionAPI.csproj", "{F2CC95AE-E356-4B7B-B7FF-21C8F86C997A}"
EndProject
Project("{FAE04EC0-301F-11D3-BF4B-00C04F79EFBC}") = "Infrastructure", "..\Infrastructure\Infrastructure.csproj", "{1ABDE25C-98FC-4034-BCEA-0661BB4A93C8}"
EndProject
Project("{FAE04EC0-301F-11D3-BF4B-00C04F79EFBC}") = "Domain", "..\Domain\Domain.csproj", "{B5C8CBAE-DE02-7B4C-706D-5B7BB03EEA4F}"
EndProject
Project("{FAE04EC0-301F-11D3-BF4B-00C04F79EFBC}") = "Application", "..\Application\Application.csproj", "{A1B4C899-5DA3-44D6-8F25-EE872E03925B}"
EndProject
Project("{FAE04EC0-301F-11D3-BF4B-00C04F79EFBC}") = "UnitTest", "..\UnitTest\UnitTest.csproj", "{03EAB371-720A-4368-BD63-70786726AF86}"
EndProject
Global
	GlobalSection(SolutionConfigurationPlatforms) = preSolution
		Debug|Any CPU = Debug|Any CPU
		Release|Any CPU = Release|Any CPU
	EndGlobalSection
	GlobalSection(ProjectConfigurationPlatforms) = postSolution
		{F2CC95AE-E356-4B7B-B7FF-21C8F86C997A}.Debug|Any CPU.ActiveCfg = Debug|Any CPU
		{F2CC95AE-E356-4B7B-B7FF-21C8F86C997A}.Debug|Any CPU.Build.0 = Debug|Any CPU
		{F2CC95AE-E356-4B7B-B7FF-21C8F86C997A}.Release|Any CPU.ActiveCfg = Release|Any CPU
		{F2CC95AE-E356-4B7B-B7FF-21C8F86C997A}.Release|Any CPU.Build.0 = Release|Any CPU
		{1ABDE25C-98FC-4034-BCEA-0661BB4A93C8}.Debug|Any CPU.ActiveCfg = Debug|Any CPU
		{1ABDE25C-98FC-4034-BCEA-0661BB4A93C8}.Debug|Any CPU.Build.0 = Debug|Any CPU
		{1ABDE25C-98FC-4034-BCEA-0661BB4A93C8}.Release|Any CPU.ActiveCfg = Release|Any CPU
		{1ABDE25C-98FC-4034-BCEA-0661BB4A93C8}.Release|Any CPU.Build.0 = Release|Any CPU
		{B5C8CBAE-DE02-7B4C-706D-5B7BB03EEA4F}.Debug|Any CPU.ActiveCfg = Debug|Any CPU
		{B5C8CBAE-DE02-7B4C-706D-5B7BB03EEA4F}.Debug|Any CPU.Build.0 = Debug|Any CPU
		{B5C8CBAE-DE02-7B4C-706D-5B7BB03EEA4F}.Release|Any CPU.ActiveCfg = Release|Any CPU
		{B5C8CBAE-DE02-7B4C-706D-5B7BB03EEA4F}.Release|Any CPU.Build.0 = Release|Any CPU
		{A1B4C899-5DA3-44D6-8F25-EE872E03925B}.Debug|Any CPU.ActiveCfg = Debug|Any CPU
		{A1B4C899-5DA3-44D6-8F25-EE872E03925B}.Debug|Any CPU.Build.0 = Debug|Any CPU
		{A1B4C899-5DA3-44D6-8F25-EE872E03925B}.Release|Any CPU.ActiveCfg = Release|Any CPU
		{A1B4C899-5DA3-44D6-8F25-EE872E03925B}.Release|Any CPU.Build.0 = Release|Any CPU
		{03EAB371-720A-4368-BD63-70786726AF86}.Debug|Any CPU.ActiveCfg = Debug|Any CPU
		{03EAB371-720A-4368-BD63-70786726AF86}.Debug|Any CPU.Build.0 = Debug|Any CPU
		{03EAB371-720A-4368-BD63-70786726AF86}.Release|Any CPU.ActiveCfg = Release|Any CPU
		{03EAB371-720A-4368-BD63-70786726AF86}.Release|Any CPU.Build.0 = Release|Any CPU
	EndGlobalSection
	GlobalSection(SolutionProperties) = preSolution
		HideSolutionNode = FALSE
	EndGlobalSection
	GlobalSection(ExtensibilityGlobals) = postSolution
		SolutionGuid = {A85D43C9-9ACB-4F87-A8FC-AB4E04D16060}
	EndGlobalSection
EndGlobal
